{
  "originHash" : "38052ee57203492bbb733e302edf172c842c56f78d34001e5c52d1b1259d11b8",
  "pins" : [
    {
      "identity" : "flac-binary-xcframework",
      "kind" : "remoteSourceControl",
      "location" : "https://github.com/sbooth/flac-binary-xcframework",
      "state" : {
        "revision" : "9005dc2cd455765fb6824eb215c9703429bbe8ff",
        "version" : "0.2.0"
      }
    },
    {
      "identity" : "lottie-spm",
      "kind" : "remoteSourceControl",
      "location" : "https://github.com/airbnb/lottie-spm.git",
      "state" : {
        "revision" : "0aff16288f8dc1e3dab35cbf5cf45979673fd3df",
        "version" : "4.6.1"
      }
    },
    {
      "identity" : "ogg-binary-xcframework",
      "kind" : "remoteSourceControl",
      "location" : "https://github.com/sbooth/ogg-binary-xcframework",
      "state" : {
        "revision" : "48cbf24e7fb5d329b1f5e24cd2e5b048585ff770",
        "version" : "0.1.3"
      }
    }
  ],
  "version" : 3
}
